
Microsoft Visual Studio Solution File, Format Version 11.00
# Visual Studio 2010
Project("{FAE04EC0-301F-11D3-BF4B-00C04F79EFBC}") = "Platformer", "Platformer\Platformer\Platformer.csproj", "{9BB58342-F151-429D-A48F-7C8C8907E2B9}"
EndProject
Project("{96E2B04D-8817-42C6-938A-82C39BA4D311}") = "PlatformerContent", "Platformer\PlatformerContent\PlatformerContent.contentproj", "{712CD0DF-113D-4C8A-BD13-E122A50C84B1}"
EndProject
Global
	GlobalSection(SolutionConfigurationPlatforms) = preSolution
		Debug|x86 = Debug|x86
		Release|x86 = Release|x86
	EndGlobalSection
	GlobalSection(ProjectConfigurationPlatforms) = postSolution
		{9BB58342-F151-429D-A48F-7C8C8907E2B9}.Debug|x86.ActiveCfg = Debug|x86
		{9BB58342-F151-429D-A48F-7C8C8907E2B9}.Debug|x86.Build.0 = Debug|x86
		{9BB58342-F151-429D-A48F-7C8C8907E2B9}.Release|x86.ActiveCfg = Release|x86
		{9BB58342-F151-429D-A48F-7C8C8907E2B9}.Release|x86.Build.0 = Release|x86
		{712CD0DF-113D-4C8A-BD13-E122A50C84B1}.Debug|x86.ActiveCfg = Debug|x86
		{712CD0DF-113D-4C8A-BD13-E122A50C84B1}.Release|x86.ActiveCfg = Release|x86
	EndGlobalSection
	GlobalSection(SolutionProperties) = preSolution
		HideSolutionNode = FALSE
	EndGlobalSection
EndGlobal
